dependencies:
  espressif/esp_websocket_client:
    component_hash: d8ccaffac2871dc756bdc08d7ff0bfa2daa7db3d94b0c7bf714b1962efe5e7c9
    source:
      service_url: https://api.components.espressif.com/
      type: service
    version: 1.2.2
  idf:
    component_hash: null
    source:
      type: idf
    version: 5.3.0
manifest_hash: ca96f060fac9cd59ca68f67aa33576c66c1d29dbe97bc335942d5a01dd3a21b8
target: esp32s3
version: 1.0.0
